# This file is generated by running "yarn install" inside your project.
# Manual changes might be lost - proceed with caution!

__metadata:
  version: 8
  cacheKey: 10c0

"@emnapi/core@npm:^1.5.0":
  version: 1.10.0
  resolution: "@emnapi/core@npm:1.10.0"
  dependencies:
    "@emnapi/wasi-threads": "npm:1.2.1"
    tslib: "npm:^2.4.0"
  checksum: 10c0/f51d08227857b60632de7714d708124f0e100a1462dde6df8221760939aa3204a73193830371830fac0716f3ccd2129f2cac1b17cd7d7958bc4da9018a296edb
  languageName: node
  linkType: hard

"@emnapi/runtime@npm:^1.5.0":
  version: 1.10.0
  resolution: "@emnapi/runtime@npm:1.10.0"
  dependencies:
    tslib: "npm:^2.4.0"
  checksum: 10c0/953f14991d1aefb92ee6f8eb27dea725e484791a53a0cb5f47d9e0087b9a2c929ff2e92adf95af15d6ad456db6300c6b761ebf72b50a875b874a83520b3ba093
  languageName: node
  linkType: hard

"@emnapi/wasi-threads@npm:1.2.1":
  version: 1.2.1
  resolution: "@emnapi/wasi-threads@npm:1.2.1"
  dependencies:
    tslib: "npm:^2.4.0"
  checksum: 10c0/32fcfa81ab396533b2ec1f4082b1ff779a05d9c836bbbd3f4398405b0e6814c0d9503b7993130e37bc6941dbc1ded49f55e9700ae9ca4e803bab2b5bc5deb331
  languageName: node
  linkType: hard

"@module-federation/error-codes@npm:0.22.0":
  version: 0.22.0
  resolution: "@module-federation/error-codes@npm:0.22.0"
  checksum: 10c0/a9b25e8c930971e146e6352f482f915f1b54965ce54706984e834a87be714d30caebbd3946f9eb408e7821b2cc326b90787eeb2f8306edf1d322d9931543a139
  languageName: node
  linkType: hard

"@module-federation/runtime-core@npm:0.22.0":
  version: 0.22.0
  resolution: "@module-federation/runtime-core@npm:0.22.0"
  dependencies:
    "@module-federation/error-codes": "npm:0.22.0"
    "@module-federation/sdk": "npm:0.22.0"
  checksum: 10c0/0406c26b119065dca23a8fb65872b8ab5794984d5d82984ed625c433658693050a8a800cde8c97cc1572b0bc154a7824fa9db5bb05106b7250643e799ba7091d
  languageName: node
  linkType: hard

"@module-federation/runtime-tools@npm:0.22.0":
  version: 0.22.0
  resolution: "@module-federation/runtime-tools@npm:0.22.0"
  dependencies:
    "@module-federation/runtime": "npm:0.22.0"
    "@module-federation/webpack-bundler-runtime": "npm:0.22.0"
  checksum: 10c0/fbe76616fb176ce03550e3ce2bb43fa5d44c12d7d0939593f29dab5658accfb559b857df4180f7f681dc601aab928658cd9b49a78daad866089390b820854fbd
  languageName: node
  linkType: hard

"@module-federation/runtime@npm:0.22.0":
  version: 0.22.0
  resolution: "@module-federation/runtime@npm:0.22.0"
  dependencies:
    "@module-federation/error-codes": "npm:0.22.0"
    "@module-federation/runtime-core": "npm:0.22.0"
    "@module-federation/sdk": "npm:0.22.0"
  checksum: 10c0/f9cfaf7f8599a215195cb612a5d4532d4399cc8eb5a928ced60c4bdf0e7e2028849cdc384fa3f1506f9e7e0e112f74f6c30a5a76136dc56e155012d111ea075b
  languageName: node
  linkType: hard

"@module-federation/sdk@npm:0.22.0":
  version: 0.22.0
  resolution: "@module-federation/sdk@npm:0.22.0"
  checksum: 10c0/c09ba0147368151b67ba33b9174ef451a028e1709d2208aa811cacc1ae4efcae0f1987f02119f9b54754ee6430af3610e357c9b744147f112a25d8f7564f8041
  languageName: node
  linkType: hard

"@module-federation/webpack-bundler-runtime@npm:0.22.0":
  version: 0.22.0
  resolution: "@module-federation/webpack-bundler-runtime@npm:0.22.0"
  dependencies:
    "@module-federation/runtime": "npm:0.22.0"
    "@module-federation/sdk": "npm:0.22.0"
  checksum: 10c0/4c1354b881ffc0c1521f1d676c9301db0b0d59186c386dde4dbb6d33f00fdb16bf118e85cfc38e2ffb36084fa87df8390d415a41c0c93b33bd0e5460a9a934f5
  languageName: node
  linkType: hard

"@napi-rs/wasm-runtime@npm:1.0.7":
  version: 1.0.7
  resolution: "@napi-rs/wasm-runtime@npm:1.0.7"
  dependencies:
    "@emnapi/core": "npm:^1.5.0"
    "@emnapi/runtime": "npm:^1.5.0"
    "@tybys/wasm-util": "npm:^0.10.1"
  checksum: 10c0/2d8635498136abb49d6dbf7395b78c63422292240963bf055f307b77aeafbde57ae2c0ceaaef215601531b36d6eb92a2cdd6f5ba90ed2aa8127c27aff9c4ae55
  languageName: node
  linkType: hard

"@rsbuild/core@npm:^1.7.1":
  version: 1.7.5
  resolution: "@rsbuild/core@npm:1.7.5"
  dependencies:
    "@rspack/core": "npm:~1.7.10"
    "@rspack/lite-tapable": "npm:~1.1.0"
    "@swc/helpers": "npm:^0.5.20"
    core-js: "npm:~3.47.0"
    jiti: "npm:^2.6.1"
  bin:
    rsbuild: bin/rsbuild.js
  checksum: 10c0/f27bdd61fdd5fe96dc746dddbb9465361177e80a2acafadb97fe1369cacf13241b1d5119378317099f49804a701912cf564d741a6759434c13a1bc32d2e5ecd9
  languageName: node
  linkType: hard

"@rsbuild/plugin-react@npm:^1.4.2":
  version: 1.4.6
  resolution: "@rsbuild/plugin-react@npm:1.4.6"
  dependencies:
    "@rspack/plugin-react-refresh": "npm:^1.6.1"
    react-refresh: "npm:^0.18.0"
  peerDependencies:
    "@rsbuild/core": ^1.0.0 || ^2.0.0-0
  peerDependenciesMeta:
    "@rsbuild/core":
      optional: true
  checksum: 10c0/e878c565ecdb23a1b08050adcd05e06c2c07dd8fc06be3d4de52b4976f593c27a823c42a2fbd21628ff70a24ad00f00171e889615a5b291a3bc02834e009f96f
  languageName: node
  linkType: hard

"@rspack/binding-darwin-arm64@npm:1.7.11":
  version: 1.7.11
  resolution: "@rspack/binding-darwin-arm64@npm:1.7.11"
  conditions: os=darwin & cpu=arm64
  languageName: node
  linkType: hard

"@rspack/binding-darwin-x64@npm:1.7.11":
  version: 1.7.11
  resolution: "@rspack/binding-darwin-x64@npm:1.7.11"
  conditions: os=darwin & cpu=x64
  languageName: node
  linkType: hard

"@rspack/binding-linux-arm64-gnu@npm:1.7.11":
  version: 1.7.11
  resolution: "@rspack/binding-linux-arm64-gnu@npm:1.7.11"
  conditions: os=linux & cpu=arm64 & libc=glibc
  languageName: node
  linkType: hard

"@rspack/binding-linux-arm64-musl@npm:1.7.11":
  version: 1.7.11
  resolution: "@rspack/binding-linux-arm64-musl@npm:1.7.11"
  conditions: os=linux & cpu=arm64 & libc=musl
  languageName: node
  linkType: hard

"@rspack/binding-linux-x64-gnu@npm:1.7.11":
  version: 1.7.11
  resolution: "@rspack/binding-linux-x64-gnu@npm:1.7.11"
  conditions: os=linux & cpu=x64 & libc=glibc
  languageName: node
  linkType: hard

"@rspack/binding-linux-x64-musl@npm:1.7.11":
  version: 1.7.11
  resolution: "@rspack/binding-linux-x64-musl@npm:1.7.11"
  conditions: os=linux & cpu=x64 & libc=musl
  languageName: node
  linkType: hard

"@rspack/binding-wasm32-wasi@npm:1.7.11":
  version: 1.7.11
  resolution: "@rspack/binding-wasm32-wasi@npm:1.7.11"
  dependencies:
    "@napi-rs/wasm-runtime": "npm:1.0.7"
  conditions: cpu=wasm32
  languageName: node
  linkType: hard

"@rspack/binding-win32-arm64-msvc@npm:1.7.11":
  version: 1.7.11
  resolution: "@rspack/binding-win32-arm64-msvc@npm:1.7.11"
  conditions: os=win32 & cpu=arm64
  languageName: node
  linkType: hard

"@rspack/binding-win32-ia32-msvc@npm:1.7.11":
  version: 1.7.11
  resolution: "@rspack/binding-win32-ia32-msvc@npm:1.7.11"
  conditions: os=win32 & cpu=ia32
  languageName: node
  linkType: hard

"@rspack/binding-win32-x64-msvc@npm:1.7.11":
  version: 1.7.11
  resolution: "@rspack/binding-win32-x64-msvc@npm:1.7.11"
  conditions: os=win32 & cpu=x64
  languageName: node
  linkType: hard

"@rspack/binding@npm:1.7.11":
  version: 1.7.11
  resolution: "@rspack/binding@npm:1.7.11"
  dependencies:
    "@rspack/binding-darwin-arm64": "npm:1.7.11"
    "@rspack/binding-darwin-x64": "npm:1.7.11"
    "@rspack/binding-linux-arm64-gnu": "npm:1.7.11"
    "@rspack/binding-linux-arm64-musl": "npm:1.7.11"
    "@rspack/binding-linux-x64-gnu": "npm:1.7.11"
    "@rspack/binding-linux-x64-musl": "npm:1.7.11"
    "@rspack/binding-wasm32-wasi": "npm:1.7.11"
    "@rspack/binding-win32-arm64-msvc": "npm:1.7.11"
    "@rspack/binding-win32-ia32-msvc": "npm:1.7.11"
    "@rspack/binding-win32-x64-msvc": "npm:1.7.11"
  dependenciesMeta:
    "@rspack/binding-darwin-arm64":
      optional: true
    "@rspack/binding-darwin-x64":
      optional: true
    "@rspack/binding-linux-arm64-gnu":
      optional: true
    "@rspack/binding-linux-arm64-musl":
      optional: true
    "@rspack/binding-linux-x64-gnu":
      optional: true
    "@rspack/binding-linux-x64-musl":
      optional: true
    "@rspack/binding-wasm32-wasi":
      optional: true
    "@rspack/binding-win32-arm64-msvc":
      optional: true
    "@rspack/binding-win32-ia32-msvc":
      optional: true
    "@rspack/binding-win32-x64-msvc":
      optional: true
  checksum: 10c0/9f0421dc3b3ab32bc76d2e5f280361be4c24f05a11814b64bf8b5c3ba589f03da3a5d20a54df20e2b73b25cd0d33c5d2016287108190f833977dc2aa99dba0d7
  languageName: node
  linkType: hard

"@rspack/core@npm:~1.7.10":
  version: 1.7.11
  resolution: "@rspack/core@npm:1.7.11"
  dependencies:
    "@module-federation/runtime-tools": "npm:0.22.0"
    "@rspack/binding": "npm:1.7.11"
    "@rspack/lite-tapable": "npm:1.1.0"
  peerDependencies:
    "@swc/helpers": ">=0.5.1"
  peerDependenciesMeta:
    "@swc/helpers":
      optional: true
  checksum: 10c0/a1df355d94a7d7737729aa816f6d0cd3ef481a05dff02486fb4e6f7155b9c76653ed57aed5cfe56dc6c686a1cae4167d4de16c68e71d60d7191c8d2613a171f7
  languageName: node
  linkType: hard

"@rspack/lite-tapable@npm:1.1.0, @rspack/lite-tapable@npm:~1.1.0":
  version: 1.1.0
  resolution: "@rspack/lite-tapable@npm:1.1.0"
  checksum: 10c0/15059d1da73192b150339ceba3142a2d0073fa298dad9a497cc8c6037c597c3a982ed4c88dc50afa7b70d0757df1b47af7ae407cfe8acd31d333d524b84a7a4b
  languageName: node
  linkType: hard

"@rspack/plugin-react-refresh@npm:^1.6.1":
  version: 1.6.2
  resolution: "@rspack/plugin-react-refresh@npm:1.6.2"
  dependencies:
    error-stack-parser: "npm:^2.1.4"
  peerDependencies:
    react-refresh: ">=0.10.0 <1.0.0"
    webpack-hot-middleware: 2.x
  peerDependenciesMeta:
    webpack-hot-middleware:
      optional: true
  checksum: 10c0/a1e2eb42dc870ec8438c5a80fddf48c60b21084b694264ae8f94d15ed1d4ad8fff64f1e97c9f2f41303c9cb32bffab788c3f509aa8ee19d9f8834a04a95eb09b
  languageName: node
  linkType: hard

"@swc/helpers@npm:^0.5.20":
  version: 0.5.21
  resolution: "@swc/helpers@npm:0.5.21"
  dependencies:
    tslib: "npm:^2.8.0"
  checksum: 10c0/692018ec8a9f7ea5ea3fe576fea5af1a782c8bc1752fcb60f949b482fb2521609d1d3710908aebae67086f152e57d231d59b08f4653fd20a2e3e0fa4a34e6322
  languageName: node
  linkType: hard

"@tybys/wasm-util@npm:^0.10.1":
  version: 0.10.1
  resolution: "@tybys/wasm-util@npm:0.10.1"
  dependencies:
    tslib: "npm:^2.4.0"
  checksum: 10c0/b255094f293794c6d2289300c5fbcafbb5532a3aed3a5ffd2f8dc1828e639b88d75f6a376dd8f94347a44813fd7a7149d8463477a9a49525c8b2dcaa38c2d1e8
  languageName: node
  linkType: hard

"@types/chrome@npm:^0.1.40":
  version: 0.1.40
  resolution: "@types/chrome@npm:0.1.40"
  dependencies:
    "@types/filesystem": "npm:*"
    "@types/har-format": "npm:*"
  checksum: 10c0/e32b69e967b6e02b3d71935ce12b679b0d443e5418241b27087bb13fc6d35005f3621261ff4abc83a1726463d56a7c07165811a5a6e526204717e22ade5a446c
  languageName: node
  linkType: hard

"@types/filesystem@npm:*":
  version: 0.0.36
  resolution: "@types/filesystem@npm:0.0.36"
  dependencies:
    "@types/filewriter": "npm:*"
  checksum: 10c0/3ebec32f0494b0a2612187d148e9f253ff55672c53f566d9a1e6d891eb6e2372df93c252b594b2775bc53e6660c4c37fdb05dc1b26e72b60a31010da8e1f7317
  languageName: node
  linkType: hard

"@types/filewriter@npm:*":
  version: 0.0.33
  resolution: "@types/filewriter@npm:0.0.33"
  checksum: 10c0/363ef9a658a961ceae04f52934562e4ebdcdc3a2564dd8544f593d77113c16574938b6ba4fea0bee418c37bda0668c1e03dfedb6adf00d55853f51fb3a59247b
  languageName: node
  linkType: hard

"@types/har-format@npm:*":
  version: 1.2.16
  resolution: "@types/har-format@npm:1.2.16"
  checksum: 10c0/77e952bc219db0c1f0588cab3b95865bc343b922e8423a76fbbd6a757c40709a256933fa415eb8fefda6ea5897c8e3dd3191bb8a82b37c13d9232467d31ae485
  languageName: node
  linkType: hard

"@types/node@npm:^25.6.0":
  version: 25.6.0
  resolution: "@types/node@npm:25.6.0"
  dependencies:
    undici-types: "npm:~7.19.0"
  checksum: 10c0/d2d2015630ff098a201407f55f5077a20270ae4f465c739b40865cd9933b91b9c5d2b85568eadaf3db0801b91e267333ca7eb39f007428b173d1cdab4b339ac5
  languageName: node
  linkType: hard

"@types/react-dom@npm:^19.2.3":
  version: 19.2.3
  resolution: "@types/react-dom@npm:19.2.3"
  peerDependencies:
    "@types/react": ^19.2.0
  checksum: 10c0/b486ebe0f4e2fb35e2e108df1d8fc0927ca5d6002d5771e8a739de11239fe62d0e207c50886185253c99eb9dedfeeb956ea7429e5ba17f6693c7acb4c02f8cd1
  languageName: node
  linkType: hard

"@types/react@npm:^19.2.7":
  version: 19.2.14
  resolution: "@types/react@npm:19.2.14"
  dependencies:
    csstype: "npm:^3.2.2"
  checksum: 10c0/7d25bf41b57719452d86d2ac0570b659210402707313a36ee612666bf11275a1c69824f8c3ee1fdca077ccfe15452f6da8f1224529b917050eb2d861e52b59b7
  languageName: node
  linkType: hard

"chrome-extension-zero@workspace:.":
  version: 0.0.0-use.local
  resolution: "chrome-extension-zero@workspace:."
  dependencies:
    "@rsbuild/core": "npm:^1.7.1"
    "@rsbuild/plugin-react": "npm:^1.4.2"
    "@types/chrome": "npm:^0.1.40"
    "@types/node": "npm:^25.6.0"
    "@types/react": "npm:^19.2.7"
    "@types/react-dom": "npm:^19.2.3"
    react: "npm:^19.2.3"
    react-dom: "npm:^19.2.3"
    typescript: "npm:^5.9.3"
  languageName: unknown
  linkType: soft

"core-js@npm:~3.47.0":
  version: 3.47.0
  resolution: "core-js@npm:3.47.0"
  checksum: 10c0/9b1a7088b7c660c7b8f1d4c90bb1816a8d5352ebdcb7bc742e3a0e4eb803316b5aa17bacb8769522342196351a5430178f46914644f2bfdb94ce0ced3c7fd523
  languageName: node
  linkType: hard

"csstype@npm:^3.2.2":
  version: 3.2.3
  resolution: "csstype@npm:3.2.3"
  checksum: 10c0/cd29c51e70fa822f1cecd8641a1445bed7063697469d35633b516e60fe8c1bde04b08f6c5b6022136bb669b64c63d4173af54864510fbb4ee23281801841a3ce
  languageName: node
  linkType: hard

"error-stack-parser@npm:^2.1.4":
  version: 2.1.4
  resolution: "error-stack-parser@npm:2.1.4"
  dependencies:
    stackframe: "npm:^1.3.4"
  checksum: 10c0/7679b780043c98b01fc546725484e0cfd3071bf5c906bbe358722972f04abf4fc3f0a77988017665bab367f6ef3fc2d0185f7528f45966b83e7c99c02d5509b9
  languageName: node
  linkType: hard

"jiti@npm:^2.6.1":
  version: 2.6.1
  resolution: "jiti@npm:2.6.1"
  bin:
    jiti: lib/jiti-cli.mjs
  checksum: 10c0/79b2e96a8e623f66c1b703b98ec1b8be4500e1d217e09b09e343471bbb9c105381b83edbb979d01cef18318cc45ce6e153571b6c83122170eefa531c64b6789b
  languageName: node
  linkType: hard

"react-dom@npm:^19.2.3":
  version: 19.2.5
  resolution: "react-dom@npm:19.2.5"
  dependencies:
    scheduler: "npm:^0.27.0"
  peerDependencies:
    react: ^19.2.5
  checksum: 10c0/8067606e9f58e4c2e8cb5f09570217dbc71c4843ebcaa20ae2085912d3e3a351f17d8f7c1713313cdda7f272840c8c34ff6c860fcb840862071bceea218e0c63
  languageName: node
  linkType: hard

"react-refresh@npm:^0.18.0":
  version: 0.18.0
  resolution: "react-refresh@npm:0.18.0"
  checksum: 10c0/34a262f7fd803433a534f50deb27a148112a81adcae440c7d1cbae7ef14d21ea8f2b3d783e858cb7698968183b77755a38b4d4b5b1d79b4f4689c2f6d358fff2
  languageName: node
  linkType: hard

"react@npm:^19.2.3":
  version: 19.2.5
  resolution: "react@npm:19.2.5"
  checksum: 10c0/4b5f231dbef92886f602533c9ce3bde04d99f0e71dfb5d794c43e02726efaad0421c08688f75fc98a6d6e1dc017372e1af7abbfecdc86a79968f461675931a7a
  languageName: node
  linkType: hard

"scheduler@npm:^0.27.0":
  version: 0.27.0
  resolution: "scheduler@npm:0.27.0"
  checksum: 10c0/4f03048cb05a3c8fddc45813052251eca00688f413a3cee236d984a161da28db28ba71bd11e7a3dd02f7af84ab28d39fb311431d3b3772fed557945beb00c452
  languageName: node
  linkType: hard

"stackframe@npm:^1.3.4":
  version: 1.3.4
  resolution: "stackframe@npm:1.3.4"
  checksum: 10c0/18410f7a1e0c5d211a4effa83bdbf24adbe8faa8c34db52e1cd3e89837518c592be60b60d8b7270ac53eeeb8b807cd11b399a41667f6c9abb41059c3ccc8a989
  languageName: node
  linkType: hard

"tslib@npm:^2.4.0, tslib@npm:^2.8.0":
  version: 2.8.1
  resolution: "tslib@npm:2.8.1"
  checksum: 10c0/9c4759110a19c53f992d9aae23aac5ced636e99887b51b9e61def52611732872ff7668757d4e4c61f19691e36f4da981cd9485e869b4a7408d689f6bf1f14e62
  languageName: node
  linkType: hard

"typescript@npm:^5.9.3":
  version: 5.9.3
  resolution: "typescript@npm:5.9.3"
  bin:
    tsc: bin/tsc
    tsserver: bin/tsserver
  checksum: 10c0/6bd7552ce39f97e711db5aa048f6f9995b53f1c52f7d8667c1abdc1700c68a76a308f579cd309ce6b53646deb4e9a1be7c813a93baaf0a28ccd536a30270e1c5
  languageName: node
  linkType: hard

"typescript@patch:typescript@npm%3A^5.9.3#optional!builtin<compat/typescript>":
  version: 5.9.3
  resolution: "typescript@patch:typescript@npm%3A5.9.3#optional!builtin<compat/typescript>::version=5.9.3&hash=5786d5"
  bin:
    tsc: bin/tsc
    tsserver: bin/tsserver
  checksum: 10c0/ad09fdf7a756814dce65bc60c1657b40d44451346858eea230e10f2e95a289d9183b6e32e5c11e95acc0ccc214b4f36289dcad4bf1886b0adb84d711d336a430
  languageName: node
  linkType: hard

"undici-types@npm:~7.19.0":
  version: 7.19.2
  resolution: "undici-types@npm:7.19.2"
  checksum: 10c0/7159f10546f9f6c47d36776bb1bbf8671e87c1e587a6fee84ae1f111ae8de4f914efa8ca0dfcd224f4f4a9dfc3f6028f627ccb5ddaccf82d7fd54671b89fac3e
  languageName: node
  linkType: hard
